
Microsoft Visual Studio Solution File, Format Version 12.00
# Visual Studio Version 17
VisualStudioVersion = 17.9.34728.123
MinimumVisualStudioVersion = 10.0.40219.1
Project("{9A19103F-16F7-4668-BE54-9A1E7A4F7556}") = "ChamCong", "ChamCong.csproj", "{B41CA0B2-A6A5-403E-B10A-3D64BA146F8F}"
EndProject
Project("{9A19103F-16F7-4668-BE54-9A1E7A4F7556}") = "HotelBooking", "..\BookingHotel\HotelBooking.csproj", "{17F3B665-198F-4A5D-8751-D4F1AC0DE591}"
EndProject
Global
	GlobalSection(SolutionConfigurationPlatforms) = preSolution
		Debug|Any CPU = Debug|Any CPU
		Release|Any CPU = Release|Any CPU
	EndGlobalSection
	GlobalSection(ProjectConfigurationPlatforms) = postSolution
		{B41CA0B2-A6A5-403E-B10A-3D64BA146F8F}.Debug|Any CPU.ActiveCfg = Debug|Any CPU
		{B41CA0B2-A6A5-403E-B10A-3D64BA146F8F}.Debug|Any CPU.Build.0 = Debug|Any CPU
		{B41CA0B2-A6A5-403E-B10A-3D64BA146F8F}.Release|Any CPU.ActiveCfg = Release|Any CPU
		{B41CA0B2-A6A5-403E-B10A-3D64BA146F8F}.Release|Any CPU.Build.0 = Release|Any CPU
		{17F3B665-198F-4A5D-8751-D4F1AC0DE591}.Debug|Any CPU.ActiveCfg = Debug|Any CPU
		{17F3B665-198F-4A5D-8751-D4F1AC0DE591}.Debug|Any CPU.Build.0 = Debug|Any CPU
		{17F3B665-198F-4A5D-8751-D4F1AC0DE591}.Release|Any CPU.ActiveCfg = Release|Any CPU
		{17F3B665-198F-4A5D-8751-D4F1AC0DE591}.Release|Any CPU.Build.0 = Release|Any CPU
	EndGlobalSection
	GlobalSection(SolutionProperties) = preSolution
		HideSolutionNode = FALSE
	EndGlobalSection
	GlobalSection(ExtensibilityGlobals) = postSolution
		SolutionGuid = {EECA238A-8AF6-4453-BF8B-E44C6EFA2466}
	EndGlobalSection
EndGlobal
